// !$*UTF8*$!
{
	archiveVersion = 1;
	classes = {
	};
	objectVersion = 50;
	objects = {

/* Begin PBXBuildFile section */
		6D870FF2267736CC00F3DFB0 /* AppDelegate.swift in Sources */ = {isa = PBXBuildFile; fileRef = 6D870FF1267736CC00F3DFB0 /* AppDelegate.swift */; };
		6D870FF4267736CC00F3DFB0 /* SceneDelegate.swift in Sources */ = {isa = PBXBuildFile; fileRef = 6D870FF3267736CC00F3DFB0 /* SceneDelegate.swift */; };
		6D870FF9267736CC00F3DFB0 /* Main.storyboard in Resources */ = {isa = PBXBuildFile; fileRef = 6D870FF7267736CC00F3DFB0 /* Main.storyboard */; };
		6D870FFB267736D300F3DFB0 /* Assets.xcassets in Resources */ = {isa = PBXBuildFile; fileRef = 6D870FFA267736D300F3DFB0 /* Assets.xcassets */; };
		6D870FFE267736D300F3DFB0 /* LaunchScreen.storyboard in Resources */ = {isa = PBXBuildFile; fileRef = 6D870FFC267736D300F3DFB0 /* LaunchScreen.storyboard */; };
		6D87100A2678532B00F3DFB0 /* InitialPhotoViewController.swift in Sources */ = {isa = PBXBuildFile; fileRef = 6D8710092678532B00F3DFB0 /* InitialPhotoViewController.swift */; };
		6D87100E2678536A00F3DFB0 /* EditPhotoViewController.swift in Sources */ = {isa = PBXBuildFile; fileRef = 6D87100D2678536A00F3DFB0 /* EditPhotoViewController.swift */; };
		6D8710142678F39300F3DFB0 /* MainViewController.swift in Sources */ = {isa = PBXBuildFile; fileRef = 6D8710132678F39200F3DFB0 /* MainViewController.swift */; };
		6D8710162679A8B100F3DFB0 /* PhotoSetting.swift in Sources */ = {isa = PBXBuildFile; fileRef = 6D8710152679A8B100F3DFB0 /* PhotoSetting.swift */; };
/* End PBXBuildFile section */

/* Begin PBXFileReference section */
		6D870FEE267736CC00F3DFB0 /* photoEdit.app */ = {isa = PBXFileReference; explicitFileType = wrapper.application; includeInIndex = 0; path = photoEdit.app; sourceTree = BUILT_PRODUCTS_DIR; };
		6D870FF1267736CC00F3DFB0 /* AppDelegate.swift */ = {isa = PBXFileReference; lastKnownFileType = sourcecode.swift; path = AppDelegate.swift; sourceTree = "<group>"; };
		6D870FF3267736CC00F3DFB0 /* SceneDelegate.swift */ = {isa = PBXFileReference; lastKnownFileType = sourcecode.swift; path = SceneDelegate.swift; sourceTree = "<group>"; };
		6D870FF8267736CC00F3DFB0 /* Base */ = {isa = PBXFileReference; lastKnownFileType = file.storyboard; name = Base; path = Base.lproj/Main.storyboard; sourceTree = "<group>"; };
		6D870FFA267736D300F3DFB0 /* Assets.xcassets */ = {isa = PBXFileReference; lastKnownFileType = folder.assetcatalog; path = Assets.xcassets; sourceTree = "<group>"; };
		6D870FFD267736D300F3DFB0 /* Base */ = {isa = PBXFileReference; lastKnownFileType = file.storyboard; name = Base; path = Base.lproj/LaunchScreen.storyboard; sourceTree = "<group>"; };
		6D870FFF267736D300F3DFB0 /* Info.plist */ = {isa = PBXFileReference; lastKnownFileType = text.plist.xml; path = Info.plist; sourceTree = "<group>"; };
		6D8710092678532B00F3DFB0 /* InitialPhotoViewController.swift */ = {isa = PBXFileReference; lastKnownFileType = sourcecode.swift; path = InitialPhotoViewController.swift; sourceTree = "<group>"; };
		6D87100D2678536A00F3DFB0 /* EditPhotoViewController.swift */ = {isa = PBXFileReference; lastKnownFileType = sourcecode.swift; path = EditPhotoViewController.swift; sourceTree = "<group>"; };
		6D8710132678F39200F3DFB0 /* MainViewController.swift */ = {isa = PBXFileReference; lastKnownFileType = sourcecode.swift; path = MainViewController.swift; sourceTree = "<group>"; };
		6D8710152679A8B100F3DFB0 /* PhotoSetting.swift */ = {isa = PBXFileReference; lastKnownFileType = sourcecode.swift; path = PhotoSetting.swift; sourceTree = "<group>"; };
/* End PBXFileReference section */

/* Begin PBXFrameworksBuildPhase section */
		6D870FEB267736CC00F3DFB0 /* Frameworks */ = {
			isa = PBXFrameworksBuildPhase;
			buildActionMask = 2147483647;
			files = (
			);
			runOnlyForDeploymentPostprocessing = 0;
		};
/* End PBXFrameworksBuildPhase section */

/* Begin PBXGroup section */
		6D491BEE2679D0F00016E332 /* Controller */ = {
			isa = PBXGroup;
			children = (
				6D8710132678F39200F3DFB0 /* MainViewController.swift */,
				6D8710092678532B00F3DFB0 /* InitialPhotoViewController.swift */,
				6D87100D2678536A00F3DFB0 /* EditPhotoViewController.swift */,
			);
			path = Controller;
			sourceTree = "<group>";
		};
		6D491BEF2679D1070016E332 /* Model */ = {
			isa = PBXGroup;
			children = (
				6D8710152679A8B100F3DFB0 /* PhotoSetting.swift */,
			);
			path = Model;
			sourceTree = "<group>";
		};
		6D491BF02679D16E0016E332 /* View */ = {
			isa = PBXGroup;
			children = (
				6D870FF7267736CC00F3DFB0 /* Main.storyboard */,
				6D870FFC267736D300F3DFB0 /* LaunchScreen.storyboard */,
				6D870FFA267736D300F3DFB0 /* Assets.xcassets */,
			);
			path = View;
			sourceTree = "<group>";
		};
		6D870FE5267736CC00F3DFB0 = {
			isa = PBXGroup;
			children = (
				6D870FF0267736CC00F3DFB0 /* photoEdit */,
				6D870FEF267736CC00F3DFB0 /* Products */,
			);
			sourceTree = "<group>";
		};
		6D870FEF267736CC00F3DFB0 /* Products */ = {
			isa = PBXGroup;
			children = (
				6D870FEE267736CC00F3DFB0 /* photoEdit.app */,
			);
			name = Products;
			sourceTree = "<group>";
		};
		6D870FF0267736CC00F3DFB0 /* photoEdit */ = {
			isa = PBXGroup;
			children = (
				6D491BF02679D16E0016E332 /* View */,
				6D491BEF2679D1070016E332 /* Model */,
				6D491BEE2679D0F00016E332 /* Controller */,
				6D870FF1267736CC00F3DFB0 /* AppDelegate.swift */,
				6D870FF3267736CC00F3DFB0 /* SceneDelegate.swift */,
				6D870FFF267736D300F3DFB0 /* Info.plist */,
			);
			path = photoEdit;
			sourceTree = "<group>";
		};
/* End PBXGroup section */

/* Begin PBXNativeTarget section */
		6D870FED267736CC00F3DFB0 /* photoEdit */ = {
			isa = PBXNativeTarget;
			buildConfigurationList = 6D871002267736D300F3DFB0 /* Build configuration list for PBXNativeTarget "photoEdit" */;
			buildPhases = (
				6D870FEA267736CC00F3DFB0 /* Sources */,
				6D870FEB267736CC00F3DFB0 /* Frameworks */,
				6D870FEC267736CC00F3DFB0 /* Resources */,
			);
			buildRules = (
			);
			dependencies = (
			);
			name = photoEdit;
			productName = photoEdit;
			productReference = 6D870FEE267736CC00F3DFB0 /* photoEdit.app */;
			productType = "com.apple.product-type.application";
		};
/* End PBXNativeTarget section */

/* Begin PBXProject section */
		6D870FE6267736CC00F3DFB0 /* Project object */ = {
			isa = PBXProject;
			attributes = {
				LastSwiftUpdateCheck = 1250;
				LastUpgradeCheck = 1250;
				TargetAttributes = {
					6D870FED267736CC00F3DFB0 = {
						CreatedOnToolsVersion = 12.5;
					};
				};
			};
			buildConfigurationList = 6D870FE9267736CC00F3DFB0 /* Build configuration list for PBXProject "photoEdit" */;
			compatibilityVersion = "Xcode 9.3";
			developmentRegion = en;
			hasScannedForEncodings = 0;
			knownRegions = (
				en,
				Base,
			);
			mainGroup = 6D870FE5267736CC00F3DFB0;
			productRefGroup = 6D870FEF267736CC00F3DFB0 /* Products */;
			projectDirPath = "";
			projectRoot = "";
			targets = (
				6D870FED267736CC00F3DFB0 /* photoEdit */,
			);
		};
/* End PBXProject section */

/* Begin PBXResourcesBuildPhase section */
		6D870FEC267736CC00F3DFB0 /* Resources */ = {
			isa = PBXResourcesBuildPhase;
			buildActionMask = 2147483647;
			files = (
				6D870FFE267736D300F3DFB0 /* LaunchScreen.storyboard in Resources */,
				6D870FFB267736D300F3DFB0 /* Assets.xcassets in Resources */,
				6D870FF9267736CC00F3DFB0 /* Main.storyboard in Resources */,
			);
			runOnlyForDeploymentPostprocessing = 0;
		};
/* End PBXResourcesBuildPhase section */

/* Begin PBXSourcesBuildPhase section */
		6D870FEA267736CC00F3DFB0 /* Sources */ = {
			isa = PBXSourcesBuildPhase;
			buildActionMask = 2147483647;
			files = (
				6D8710162679A8B100F3DFB0 /* PhotoSetting.swift in Sources */,
				6D8710142678F39300F3DFB0 /* MainViewController.swift in Sources */,
				6D87100E2678536A00F3DFB0 /* EditPhotoViewController.swift in Sources */,
				6D870FF2267736CC00F3DFB0 /* AppDelegate.swift in Sources */,
				6D870FF4267736CC00F3DFB0 /* SceneDelegate.swift in Sources */,
				6D87100A2678532B00F3DFB0 /* InitialPhotoViewController.swift in Sources */,
			);
			runOnlyForDeploymentPostprocessing = 0;
		};
/* End PBXSourcesBuildPhase section */

/* Begin PBXVariantGroup section */
		6D870FF7267736CC00F3DFB0 /* Main.storyboard */ = {
			isa = PBXVariantGroup;
			children = (
				6D870FF8267736CC00F3DFB0 /* Base */,
			);
			name = Main.storyboard;
			sourceTree = "<group>";
		};
		6D870FFC267736D300F3DFB0 /* LaunchScreen.storyboard */ = {
			isa = PBXVariantGroup;
			children = (
				6D870FFD267736D300F3DFB0 /* Base */,
			);
			name = LaunchScreen.storyboard;
			sourceTree = "<group>";
		};
/* End PBXVariantGroup section */

/* Begin XCBuildConfiguration section */
		6D871000267736D300F3DFB0 /* Debug */ = {
			isa = XCBuildConfiguration;
			buildSettings = {
				ALWAYS_SEARCH_USER_PATHS = NO;
				CLANG_ANALYZER_NONNULL = YES;
				CLANG_ANALYZER_NUMBER_OBJECT_CONVERSION = YES_AGGRESSIVE;
				CLANG_CXX_LANGUAGE_STANDARD = "gnu++14";
				CLANG_CXX_LIBRARY = "libc++";
				CLANG_ENABLE_MODULES = YES;
				CLANG_ENABLE_OBJC_ARC = YES;
				CLANG_ENABLE_OBJC_WEAK = YES;
				CLANG_WARN_BLOCK_CAPTURE_AUTORELEASING = YES;
				CLANG_WARN_BOOL_CONVERSION = YES;
				CLANG_WARN_COMMA = YES;
				CLANG_WARN_CONSTANT_CONVERSION = YES;
				CLANG_WARN_DEPRECATED_OBJC_IMPLEMENTATIONS = YES;
				CLANG_WARN_DIRECT_OBJC_ISA_USAGE = YES_ERROR;
				CLANG_WARN_DOCUMENTATION_COMMENTS = YES;
				CLANG_WARN_EMPTY_BODY = YES;
				CLANG_WARN_ENUM_CONVERSION = YES;
				CLANG_WARN_INFINITE_RECURSION = YES;
				CLANG_WARN_INT_CONVERSION = YES;
				CLANG_WARN_NON_LITERAL_NULL_CONVERSION = YES;
				CLANG_WARN_OBJC_IMPLICIT_RETAIN_SELF = YES;
				CLANG_WARN_OBJC_LITERAL_CONVERSION = YES;
				CLANG_WARN_OBJC_ROOT_CLASS = YES_ERROR;
				CLANG_WARN_QUOTED_INCLUDE_IN_FRAMEWORK_HEADER = YES;
				CLANG_WARN_RANGE_LOOP_ANALYSIS = YES;
				CLANG_WARN_STRICT_PROTOTYPES = YES;
				CLANG_WARN_SUSPICIOUS_MOVE = YES;
				CLANG_WARN_UNGUARDED_AVAILABILITY = YES_AGGRESSIVE;
				CLANG_WARN_UNREACHABLE_CODE = YES;
				CLANG_WARN__DUPLICATE_METHOD_MATCH = YES;
				COPY_PHASE_STRIP = NO;
				DEBUG_INFORMATION_FORMAT = dwarf;
				ENABLE_STRICT_OBJC_MSGSEND = YES;
				ENABLE_TESTABILITY = YES;
				GCC_C_LANGUAGE_STANDARD = gnu11;
				GCC_DYNAMIC_NO_PIC = NO;
				GCC_NO_COMMON_BLOCKS = YES;
				GCC_OPTIMIZATION_LEVEL = 0;
				GCC_PREPROCESSOR_DEFINITIONS = (
					"DEBUG=1",
					"$(inherited)",
				);
				GCC_WARN_64_TO_32_BIT_CONVERSION = YES;
				GCC_WARN_ABOUT_RETURN_TYPE = YES_ERROR;
				GCC_WARN_UNDECLARED_SELECTOR = YES;
				GCC_WARN_UNINITIALIZED_AUTOS = YES_AGGRESSIVE;
				GCC_WARN_UNUSED_FUNCTION = YES;
				GCC_WARN_UNUSED_VARIABLE = YES;
				IPHONEOS_DEPLOYMENT_TARGET = 14.5;
				MTL_ENABLE_DEBUG_INFO = INCLUDE_SOURCE;
				MTL_FAST_MATH = YES;
				ONLY_ACTIVE_ARCH = YES;
				SDKROOT = iphoneos;
				SWIFT_ACTIVE_COMPILATION_CONDITIONS = DEBUG;
				SWIFT_OPTIMIZATION_LEVEL = "-Onone";
			};
			name = Debug;
		};
		6D871001267736D300F3DFB0 /* Release */ = {
			isa = XCBuildConfiguration;
			buildSettings = {
				ALWAYS_SEARCH_USER_PATHS = NO;
				CLANG_ANALYZER_NONNULL = YES;
				CLANG_ANALYZER_NUMBER_OBJECT_CONVERSION = YES_AGGRESSIVE;
				CLANG_CXX_LANGUAGE_STANDARD = "gnu++14";
				CLANG_CXX_LIBRARY = "libc++";
				CLANG_ENABLE_MODULES = YES;
				CLANG_ENABLE_OBJC_ARC = YES;
				CLANG_ENABLE_OBJC_WEAK = YES;
				CLANG_WARN_BLOCK_CAPTURE_AUTORELEASING = YES;
				CLANG_WARN_BOOL_CONVERSION = YES;
				CLANG_WARN_COMMA = YES;
				CLANG_WARN_CONSTANT_CONVERSION = YES;
				CLANG_WARN_DEPRECATED_OBJC_IMPLEMENTATIONS = YES;
				CLANG_WARN_DIRECT_OBJC_ISA_USAGE = YES_ERROR;
				CLANG_WARN_DOCUMENTATION_COMMENTS = YES;
				CLANG_WARN_EMPTY_BODY = YES;
				CLANG_WARN_ENUM_CONVERSION = YES;
				CLANG_WARN_INFINITE_RECURSION = YES;
				CLANG_WARN_INT_CONVERSION = YES;
				CLANG_WARN_NON_LITERAL_NULL_CONVERSION = YES;
				CLANG_WARN_OBJC_IMPLICIT_RETAIN_SELF = YES;
				CLANG_WARN_OBJC_LITERAL_CONVERSION = YES;
				CLANG_WARN_OBJC_ROOT_CLASS = YES_ERROR;
				CLANG_WARN_QUOTED_INCLUDE_IN_FRAMEWORK_HEADER = YES;
				CLANG_WARN_RANGE_LOOP_ANALYSIS = YES;
				CLANG_WARN_STRICT_PROTOTYPES = YES;
				CLANG_WARN_SUSPICIOUS_MOVE = YES;
				CLANG_WARN_UNGUARDED_AVAILABILITY = YES_AGGRESSIVE;
				CLANG_WARN_UNREACHABLE_CODE = YES;
				CLANG_WARN__DUPLICATE_METHOD_MATCH = YES;
				COPY_PHASE_STRIP = NO;
				DEBUG_INFORMATION_FORMAT = "dwarf-with-dsym";
				ENABLE_NS_ASSERTIONS = NO;
				ENABLE_STRICT_OBJC_MSGSEND = YES;
				GCC_C_LANGUAGE_STANDARD = gnu11;
				GCC_NO_COMMON_BLOCKS = YES;
				GCC_WARN_64_TO_32_BIT_CONVERSION = YES;
				GCC_WARN_ABOUT_RETURN_TYPE = YES_ERROR;
				GCC_WARN_UNDECLARED_SELECTOR = YES;
				GCC_WARN_UNINITIALIZED_AUTOS = YES_AGGRESSIVE;
				GCC_WARN_UNUSED_FUNCTION = YES;
				GCC_WARN_UNUSED_VARIABLE = YES;
				IPHONEOS_DEPLOYMENT_TARGET = 14.5;
				MTL_ENABLE_DEBUG_INFO = NO;
				MTL_FAST_MATH = YES;
				SDKROOT = iphoneos;
				SWIFT_COMPILATION_MODE = wholemodule;
				SWIFT_OPTIMIZATION_LEVEL = "-O";
				VALIDATE_PRODUCT = YES;
			};
			name = Release;
		};
		6D871003267736D300F3DFB0 /* Debug */ = {
			isa = XCBuildConfiguration;
			buildSettings = {
				ASSETCATALOG_COMPILER_APPICON_NAME = AppIcon;
				ASSETCATALOG_COMPILER_GLOBAL_ACCENT_COLOR_NAME = AccentColor;
				CODE_SIGN_STYLE = Automatic;
				INFOPLIST_FILE = photoEdit/Info.plist;
				LD_RUNPATH_SEARCH_PATHS = (
					"$(inherited)",
					"@executable_path/Frameworks",
				);
				PRODUCT_BUNDLE_IDENTIFIER = com.alishatsai.photoEdit;
				PRODUCT_NAME = "$(TARGET_NAME)";
				SWIFT_VERSION = 5.0;
				TARGETED_DEVICE_FAMILY = "1,2";
			};
			name = Debug;
		};
		6D871004267736D300F3DFB0 /* Release */ = {
			isa = XCBuildConfiguration;
			buildSettings = {
				ASSETCATALOG_COMPILER_APPICON_NAME = AppIcon;
				ASSETCATALOG_COMPILER_GLOBAL_ACCENT_COLOR_NAME = AccentColor;
				CODE_SIGN_STYLE = Automatic;
				INFOPLIST_FILE = photoEdit/Info.plist;
				LD_RUNPATH_SEARCH_PATHS = (
					"$(inherited)",
					"@executable_path/Frameworks",
				);
				PRODUCT_BUNDLE_IDENTIFIER = com.alishatsai.photoEdit;
				PRODUCT_NAME = "$(TARGET_NAME)";
				SWIFT_VERSION = 5.0;
				TARGETED_DEVICE_FAMILY = "1,2";
			};
			name = Release;
		};
/* End XCBuildConfiguration section */

/* Begin XCConfigurationList section */
		6D870FE9267736CC00F3DFB0 /* Build configuration list for PBXProject "photoEdit" */ = {
			isa = XCConfigurationList;
			buildConfigurations = (
				6D871000267736D300F3DFB0 /* Debug */,
				6D871001267736D300F3DFB0 /* Release */,
			);
			defaultConfigurationIsVisible = 0;
			defaultConfigurationName = Release;
		};
		6D871002267736D300F3DFB0 /* Build configuration list for PBXNativeTarget "photoEdit" */ = {
			isa = XCConfigurationList;
			buildConfigurations = (
				6D871003267736D300F3DFB0 /* Debug */,
				6D871004267736D300F3DFB0 /* Release */,
			);
			defaultConfigurationIsVisible = 0;
			defaultConfigurationName = Release;
		};
/* End XCConfigurationList section */
	};
	rootObject = 6D870FE6267736CC00F3DFB0 /* Project object */;
}
